
Microsoft Visual Studio Solution File, Format Version 12.00
# Visual Studio Version 17
VisualStudioVersion = 17.0.31903.59
MinimumVisualStudioVersion = 10.0.40219.1
Project("{FAE04EC0-301F-11D3-BF4B-00C04F79EFBC}") = "TradingSolution", "TradingSolution\TradingSolution.csproj", "{455ADC04-0393-4D5D-8E64-59D0E5DAD48E}"
EndProject
Project("{FAE04EC0-301F-11D3-BF4B-00C04F79EFBC}") = "TradingSolution.Test", "TradingSolution.Test\TradingSolution.Test.csproj", "{1792D552-965E-4415-8606-305DA18DD828}"
EndProject
Global
	GlobalSection(SolutionConfigurationPlatforms) = preSolution
		Debug|Any CPU = Debug|Any CPU
		Release|Any CPU = Release|Any CPU
	EndGlobalSection
	GlobalSection(SolutionProperties) = preSolution
		HideSolutionNode = FALSE
	EndGlobalSection
	GlobalSection(ProjectConfigurationPlatforms) = postSolution
		{455ADC04-0393-4D5D-8E64-59D0E5DAD48E}.Debug|Any CPU.ActiveCfg = Debug|Any CPU
		{455ADC04-0393-4D5D-8E64-59D0E5DAD48E}.Debug|Any CPU.Build.0 = Debug|Any CPU
		{455ADC04-0393-4D5D-8E64-59D0E5DAD48E}.Release|Any CPU.ActiveCfg = Release|Any CPU
		{455ADC04-0393-4D5D-8E64-59D0E5DAD48E}.Release|Any CPU.Build.0 = Release|Any CPU
		{1792D552-965E-4415-8606-305DA18DD828}.Debug|Any CPU.ActiveCfg = Debug|Any CPU
		{1792D552-965E-4415-8606-305DA18DD828}.Debug|Any CPU.Build.0 = Debug|Any CPU
		{1792D552-965E-4415-8606-305DA18DD828}.Release|Any CPU.ActiveCfg = Release|Any CPU
		{1792D552-965E-4415-8606-305DA18DD828}.Release|Any CPU.Build.0 = Release|Any CPU
	EndGlobalSection
EndGlobal
